{
  "name": "jdtksheetgoogle",
  "lockfileVersion": 3,
  "requires": true,
  "packages": {
    "_helloword": {
      "name": "jdtksheetgoogle",
      "version": "1.0.0",
      "extraneous": true,
      "license": "ISC",
      "devDependencies": {
        "tsup": "^8.5.1",
        "typescript": "^5.9.3"
      }
    }
  }
}
