{
  "name": "sdk",
  "version": "1.0.0",
  "lockfileVersion": 3,
  "requires": true,
  "packages": {
    "": {
      "name": "sdk",
      "version": "1.0.0",
      "license": "ISC",
      "dependencies": {
        "jdtksheetgoogle": "file:../_helloword"
      }
    },
    "../_helloword": {
      "name": "jdtksheetgoogle",
      "version": "1.0.0",
      "license": "ISC",
      "dependencies": {
        "es-toolkit": "^1.39.8",
        "ky": "^1.8.2"
      },
      "devDependencies": {
        "@changesets/cli": "^2.29.5",
        "@types/node": "^24.2.0",
        "@typescript-eslint/eslint-plugin": "^5.59.7",
        "@typescript-eslint/parser": "^5.59.7",
        "auto-changelog": "^2.4.0",
        "docsify-cli": "^4.4.4",
        "google-auth-library": "^10.2.1",
        "tsup": "^8.5.1",
        "typescript": "^5.9.3",
        "varlock": "^0.0.7"
      }
    },
    "node_modules/jdtksheetgoogle": {
      "resolved": "../_helloword",
      "link": true
    }
  }
}
